{
	"R" : {
		"Version" : "4.2.2",
		"Repositories" : [
			{
				"Name" : "CRAN",
				"URL" : "https://cran.rstudio.com"
			}
		]
	},
	"Packages" : {
	  "DeepPatientLevelPrediction" : {
			"Package" : "DeepPatientLevelPrediction",
			"Version" : "1.0.1",
			"Source" : "GitHub",
			"RemoteType" : "github",
			"RemoteHost" : "api.github.com",
			"RemoteRepo" : "DeepPatientLevelPrediction",
			"RemoteUsername" : "ohdsi",
			"RemoteRef" : "v1.0.1",
			"Remotes" : "ohdsi/PatientLevelPrediction, ohdsi/Eunomia, ohdsi/FeatureExtraction",
			"Requirements" : [
				"FeatureExtraction",
				"ParallelLogger",
				"PatientLevelPrediction",
				"dplyr",
				"data.table",
				"rlang",
				"torch"
			]
		}
		"Andromeda" : {
			"Package" : "Andromeda",
			"Version" : "0.6.1",
			"Source" : "Repository",
			"Repository" : "CRAN",
			"Hash" : "ae741b16de25b2ab0a87b9f38e159282",
			"Requirements" : [
				"DBI",
				"RSQLite",
				"cli",
				"dbplyr",
				"dplyr",
				"hms",
				"pillar",
				"rlang",
				"tidyselect",
				"zip"
			]
		},
		"BH" : {
			"Package" : "BH",
			"Version" : "1.78.0-0",
			"Source" : "Repository",
			"Repository" : "CRAN",
			"Hash" : "4e348572ffcaa2fb1e610e7a941f6f3a",
			"Requirements" : []
		},
		"CohortGenerator" : {
			"Package" : "CohortGenerator",
			"Version" : "0.6.0",
			"Source" : "GitHub",
			"RemoteType" : "github",
			"RemoteHost" : "api.github.com",
			"RemoteRepo" : "CohortGenerator",
			"RemoteUsername" : "ohdsi",
			"RemoteRef" : "v0.6.0",
			"Remotes" : "ohdsi/CirceR, ohdsi/Eunomia, ohdsi/ROhdsiWebApi",
			"Requirements" : [
				"DatabaseConnector",
				"ParallelLogger",
				"RJSONIO",
				"SqlRender",
				"checkmate",
				"digest",
				"dplyr",
				"lubridate",
				"readr",
				"rlang",
				"stringi"
			]
		},
		"Cyclops" : {
			"Package" : "Cyclops",
			"Version" : "3.2.1",
			"Source" : "Repository",
			"Repository" : "CRAN",
			"Hash" : "319ed4c34c5b150ebba5e0faadc53847",
			"Requirements" : [
				"Andromeda",
				"BH",
				"Matrix",
				"Rcpp",
				"RcppEigen",
				"bit64",
				"dplyr",
				"rlang",
				"survival"
			]
		},
		"DBI" : {
			"Package" : "DBI",
			"Version" : "1.1.3",
			"Source" : "Repository",
			"Repository" : "CRAN",
			"Hash" : "b2866e62bab9378c3cc9476a1954226b",
			"Requirements" : []
		},
		"DatabaseConnector" : {
			"Package" : "DatabaseConnector",
			"Version" : "5.0.4",
			"Source" : "Repository",
			"Repository" : "CRAN",
			"Hash" : "53cac2a00e0f13e24ba7f198718ef409",
			"Requirements" : [
				"DBI",
				"SqlRender",
				"bit64",
				"rJava",
				"readr",
				"rlang",
				"stringr",
				"urltools"
			]
		},
		"FeatureExtraction" : {
			"Package" : "FeatureExtraction",
			"Version" : "3.2.0",
			"Source" : "GitHub",
			"Remotes" : "ohdsi/Eunomia",
			"RemoteType" : "github",
			"RemoteHost" : "api.github.com",
			"RemoteRepo" : "FeatureExtraction",
			"RemoteUsername" : "ohdsi",
			"RemoteRef" : "v3.2.0",
			"Requirements" : [
				"Andromeda",
				"DBI",
				"DatabaseConnector",
				"ParallelLogger",
				"RSQLite",
				"SqlRender",
				"cli",
				"dplyr",
				"jsonlite",
				"pillar",
				"rJava",
				"readr",
				"rlang"
			]
		},
		"MASS" : {
			"Package" : "MASS",
			"Version" : "7.3-58",
			"Source" : "Repository",
			"Repository" : "CRAN",
			"Hash" : "4bf2c61e656bbc238634c798c208d386",
			"Requirements" : []
		},
		"Matrix" : {
			"Package" : "Matrix",
			"Version" : "1.4-1",
			"Source" : "Repository",
			"Repository" : "CRAN",
			"Hash" : "699c47c606293bdfbc9fd78a93c9c8fe",
			"Requirements" : "lattice"
		},
		"PRROC" : {
			"Package" : "PRROC",
			"Version" : "1.3.1",
			"Source" : "Repository",
			"Repository" : "CRAN",
			"Hash" : "5506f0a5a0661ac39bfcfca702f1f282",
			"Requirements" : []
		},
		"ParallelLogger" : {
			"Package" : "ParallelLogger",
			"Version" : "3.0.1",
			"Source" : "Repository",
			"Repository" : "CRAN",
			"Hash" : "ed274761e439cb327f16ea643457d16c",
			"Requirements" : [
				"jsonlite",
				"snow",
				"xml2"
			]
		},
		"PatientLevelPrediction" : {
			"Package" : "PatientLevelPrediction",
			"Version" : "6.0.8",
			"Source" : "GitHub",
			"Remotes" : "ohdsi/BigKnn, ohdsi/Eunomia, ohdsi/FeatureExtraction,\n        ohdsi/IterativeHardThresholding, ohdsi/ParallelLogger,\n        ohdsi/OhdsiShinyModules",
			"RemoteType" : "github",
			"RemoteHost" : "api.github.com",
			"RemoteRepo" : "PatientLevelPrediction",
			"RemoteUsername" : "ohdsi",
			"RemoteRef" : "v6.0.8",
			"Requirements" : [
				"Andromeda",
				"Cyclops",
				"DatabaseConnector",
				"FeatureExtraction",
				"Matrix",
				"PRROC",
				"ParallelLogger",
				"SqlRender",
				"dplyr",
				"ggplot2",
				"gridExtra",
				"memuse",
				"mgcv",
				"pROC",
				"polspline",
				"reticulate",
				"rlang",
				"survival",
				"tibble",
				"tidyr"
			]
		},
		"R6" : {
			"Package" : "R6",
			"Version" : "2.5.1",
			"Source" : "Repository",
			"Repository" : "CRAN",
			"Hash" : "470851b6d5d0ac559e9d01bb352b4021",
			"Requirements" : []
		},
		"RColorBrewer" : {
			"Package" : "RColorBrewer",
			"Version" : "1.1-3",
			"Source" : "Repository",
			"Repository" : "CRAN",
			"Hash" : "45f0398006e83a5b10b72a90663d8d8c",
			"Requirements" : []
		},
		"RJSONIO" : {
			"Package" : "RJSONIO",
			"Version" : "1.3-1.6",
			"Source" : "Repository",
			"Repository" : "CRAN",
			"Hash" : "0c7658433758cea5bcae50edd02b55b7",
			"Requirements" : []
		},
		"RSQLite" : {
			"Package" : "RSQLite",
			"Version" : "2.2.13",
			"Source" : "Repository",
			"Repository" : "CRAN",
			"Hash" : "f713775e6061a35da8300f314f0fdbd2",
			"Requirements" : [
				"DBI",
				"Rcpp",
				"bit64",
				"blob",
				"memoise",
				"pkgconfig",
				"plogr"
			]
		},
		"Rcpp" : {
			"Package" : "Rcpp",
			"Version" : "1.0.8.3",
			"Source" : "Repository",
			"Repository" : "CRAN",
			"Hash" : "32e79b908fda56ee57fe518a8d37b864",
			"Requirements" : []
		},
		"RcppEigen" : {
			"Package" : "RcppEigen",
			"Version" : "0.3.3.9.2",
			"Source" : "Repository",
			"Repository" : "CRAN",
			"Hash" : "4c86baed78388ceb06f88e3e9a1d87f5",
			"Requirements" : [
				"Matrix",
				"Rcpp"
			]
		},
		"RcppTOML" : {
			"Package" : "RcppTOML",
			"Version" : "0.1.7",
			"Source" : "Repository",
			"Repository" : "CRAN",
			"Hash" : "f8a578aa91321ecec1292f1e2ffadeda",
			"Requirements" : "Rcpp"
		},
		"SqlRender" : {
			"Package" : "SqlRender",
			"Version" : "1.9.2",
			"Source" : "Repository",
			"Repository" : "CRAN",
			"Hash" : "290e1e6423e66868a846d781740cc43b",
			"Requirements" : [
				"checkmate",
				"rJava",
				"rlang"
			]
		},
		"assertthat" : {
			"Package" : "assertthat",
			"Version" : "0.2.1",
			"Source" : "Repository",
			"Repository" : "CRAN",
			"Hash" : "50c838a310445e954bc13f26f26a6ecf",
			"Requirements" : []
		},
		"backports" : {
			"Package" : "backports",
			"Version" : "1.4.1",
			"Source" : "Repository",
			"Repository" : "CRAN",
			"Hash" : "c39fbec8a30d23e721980b8afb31984c",
			"Requirements" : []
		},
		"bit" : {
			"Package" : "bit",
			"Version" : "4.0.4",
			"Source" : "Repository",
			"Repository" : "CRAN",
			"Hash" : "f36715f14d94678eea9933af927bc15d",
			"Requirements" : []
		},
		"bit64" : {
			"Package" : "bit64",
			"Version" : "4.0.5",
			"Source" : "Repository",
			"Repository" : "CRAN",
			"Hash" : "9fe98599ca456d6552421db0d6772d8f",
			"Requirements" : "bit"
		},
		"blob" : {
			"Package" : "blob",
			"Version" : "1.2.3",
			"Source" : "Repository",
			"Repository" : "CRAN",
			"Hash" : "10d231579bc9c06ab1c320618808d4ff",
			"Requirements" : [
				"rlang",
				"vctrs"
			]
		},
		"cachem" : {
			"Package" : "cachem",
			"Version" : "1.0.6",
			"Source" : "Repository",
			"Repository" : "CRAN",
			"Hash" : "648c5b3d71e6a37e3043617489a0a0e9",
			"Requirements" : [
				"fastmap",
				"rlang"
			]
		},
		"checkmate" : {
			"Package" : "checkmate",
			"Version" : "2.1.0",
			"Source" : "Repository",
			"Repository" : "CRAN",
			"Hash" : "147e4db6909d8814bb30f671b49d7e06",
			"Requirements" : "backports"
		},
		"cli" : {
			"Package" : "cli",
			"Version" : "3.3.0",
			"Source" : "Repository",
			"Repository" : "CRAN",
			"Hash" : "23abf173c2b783dcc43379ab9bba00ee",
			"Requirements" : "glue"
		},
		"clipr" : {
			"Package" : "clipr",
			"Version" : "0.8.0",
			"Source" : "Repository",
			"Repository" : "CRAN",
			"Hash" : "3f038e5ac7f41d4ac41ce658c85e3042",
			"Requirements" : []
		},
		"colorspace" : {
			"Package" : "colorspace",
			"Version" : "2.0-3",
			"Source" : "Repository",
			"Repository" : "CRAN",
			"Hash" : "bb4341986bc8b914f0f0acf2e4a3f2f7",
			"Requirements" : []
		},
		"cpp11" : {
			"Package" : "cpp11",
			"Version" : "0.4.2",
			"Source" : "Repository",
			"Repository" : "CRAN",
			"Hash" : "fa53ce256cd280f468c080a58ea5ba8c",
			"Requirements" : []
		},
		"crayon" : {
			"Package" : "crayon",
			"Version" : "1.5.1",
			"Source" : "Repository",
			"Repository" : "CRAN",
			"Hash" : "8dc45fd8a1ee067a92b85ef274e66d6a",
			"Requirements" : []
		},
		"dbplyr" : {
			"Package" : "dbplyr",
			"Version" : "2.2.1",
			"Source" : "Repository",
			"Repository" : "CRAN",
			"Hash" : "f6c7eb9617e4d2a86bb7182fff99c805",
			"Requirements" : [
				"DBI",
				"R6",
				"assertthat",
				"blob",
				"cli",
				"dplyr",
				"glue",
				"lifecycle",
				"magrittr",
				"pillar",
				"purrr",
				"rlang",
				"tibble",
				"tidyselect",
				"vctrs",
				"withr"
			]
		},
		"digest" : {
			"Package" : "digest",
			"Version" : "0.6.29",
			"Source" : "Repository",
			"Repository" : "CRAN",
			"Hash" : "cf6b206a045a684728c3267ef7596190",
			"Requirements" : []
		},
		"dplyr" : {
			"Package" : "dplyr",
			"Version" : "1.0.9",
			"Source" : "Repository",
			"Repository" : "CRAN",
			"Hash" : "f0bda1627a7f5d3f9a0b5add931596ac",
			"Requirements" : [
				"R6",
				"generics",
				"glue",
				"lifecycle",
				"magrittr",
				"pillar",
				"rlang",
				"tibble",
				"tidyselect",
				"vctrs"
			]
		},
		"ellipsis" : {
			"Package" : "ellipsis",
			"Version" : "0.3.2",
			"Source" : "Repository",
			"Repository" : "CRAN",
			"Hash" : "bb0eec2fe32e88d9e2836c2f73ea2077",
			"Requirements" : "rlang"
		},
		"fansi" : {
			"Package" : "fansi",
			"Version" : "1.0.3",
			"Source" : "Repository",
			"Repository" : "CRAN",
			"Hash" : "83a8afdbe71839506baa9f90eebad7ec",
			"Requirements" : []
		},
		"farver" : {
			"Package" : "farver",
			"Version" : "2.1.1",
			"Source" : "Repository",
			"Repository" : "CRAN",
			"Hash" : "8106d78941f34855c440ddb946b8f7a5",
			"Requirements" : []
		},
		"fastmap" : {
			"Package" : "fastmap",
			"Version" : "1.1.0",
			"Source" : "Repository",
			"Repository" : "CRAN",
			"Hash" : "77bd60a6157420d4ffa93b27cf6a58b8",
			"Requirements" : []
		},
		"generics" : {
			"Package" : "generics",
			"Version" : "0.1.3",
			"Source" : "Repository",
			"Repository" : "CRAN",
			"Hash" : "15e9634c0fcd294799e9b2e929ed1b86",
			"Requirements" : []
		},
		"ggplot2" : {
			"Package" : "ggplot2",
			"Version" : "3.3.6",
			"Source" : "Repository",
			"Repository" : "CRAN",
			"Hash" : "0fb26d0674c82705c6b701d1a61e02ea",
			"Requirements" : [
				"MASS",
				"digest",
				"glue",
				"gtable",
				"isoband",
				"mgcv",
				"rlang",
				"scales",
				"tibble",
				"withr"
			]
		},
		"glue" : {
			"Package" : "glue",
			"Version" : "1.6.2",
			"Source" : "Repository",
			"Repository" : "CRAN",
			"Hash" : "4f2596dfb05dac67b9dc558e5c6fba2e",
			"Requirements" : []
		},
		"gridExtra" : {
			"Package" : "gridExtra",
			"Version" : "2.3",
			"Source" : "Repository",
			"Repository" : "CRAN",
			"Hash" : "7d7f283939f563670a697165b2cf5560",
			"Requirements" : "gtable"
		},
		"gtable" : {
			"Package" : "gtable",
			"Version" : "0.3.0",
			"Source" : "Repository",
			"Repository" : "CRAN",
			"Hash" : "ac5c6baf7822ce8732b343f14c072c4d",
			"Requirements" : []
		},
		"here" : {
			"Package" : "here",
			"Version" : "1.0.1",
			"Source" : "Repository",
			"Repository" : "CRAN",
			"Hash" : "24b224366f9c2e7534d2344d10d59211",
			"Requirements" : "rprojroot"
		},
		"hms" : {
			"Package" : "hms",
			"Version" : "1.1.1",
			"Source" : "Repository",
			"Repository" : "CRAN",
			"Hash" : "5b8a2dd0fdbe2ab4f6081e6c7be6dfca",
			"Requirements" : [
				"ellipsis",
				"lifecycle",
				"pkgconfig",
				"rlang",
				"vctrs"
			]
		},
		"isoband" : {
			"Package" : "isoband",
			"Version" : "0.2.5",
			"Source" : "Repository",
			"Repository" : "CRAN",
			"Hash" : "7ab57a6de7f48a8dc84910d1eca42883",
			"Requirements" : []
		},
		"jsonlite" : {
			"Package" : "jsonlite",
			"Version" : "1.8.0",
			"Source" : "Repository",
			"Repository" : "CRAN",
			"Hash" : "d07e729b27b372429d42d24d503613a0",
			"Requirements" : []
		},
		"labeling" : {
			"Package" : "labeling",
			"Version" : "0.4.2",
			"Source" : "Repository",
			"Repository" : "CRAN",
			"Hash" : "3d5108641f47470611a32d0bdf357a72",
			"Requirements" : []
		},
		"lattice" : {
			"Package" : "lattice",
			"Version" : "0.20-45",
			"Source" : "Repository",
			"Repository" : "CRAN",
			"Hash" : "b64cdbb2b340437c4ee047a1f4c4377b",
			"Requirements" : []
		},
		"lifecycle" : {
			"Package" : "lifecycle",
			"Version" : "1.0.3",
			"Source" : "Repository",
			"Repository" : "CRAN",
			"Hash" : "001cecbeac1cff9301bdc3775ee46a86",
			"Requirements" : [
				"cli",
				"glue",
				"rlang"
			]
		},
		"lubridate" : {
			"Package" : "lubridate",
			"Version" : "1.8.0",
			"Source" : "Repository",
			"Repository" : "CRAN",
			"Hash" : "2ff5eedb6ee38fb1b81205c73be1be5a",
			"Requirements" : [
				"cpp11",
				"generics"
			]
		},
		"magrittr" : {
			"Package" : "magrittr",
			"Version" : "2.0.3",
			"Source" : "Repository",
			"Repository" : "CRAN",
			"Hash" : "7ce2733a9826b3aeb1775d56fd305472",
			"Requirements" : []
		},
		"memoise" : {
			"Package" : "memoise",
			"Version" : "2.0.1",
			"Source" : "Repository",
			"Repository" : "CRAN",
			"Hash" : "e2817ccf4a065c5d9d7f2cfbe7c1d78c",
			"Requirements" : [
				"cachem",
				"rlang"
			]
		},
		"memuse" : {
			"Package" : "memuse",
			"Version" : "4.2-1",
			"Source" : "Repository",
			"Repository" : "CRAN",
			"Hash" : "036935e7ecfa404c8c65045db9297736",
			"Requirements" : []
		},
		"mgcv" : {
			"Package" : "mgcv",
			"Version" : "1.8-40",
			"Source" : "Repository",
			"Repository" : "CRAN",
			"Hash" : "c6b2fdb18cf68ab613bd564363e1ba0d",
			"Requirements" : [
				"Matrix",
				"nlme"
			]
		},
		"munsell" : {
			"Package" : "munsell",
			"Version" : "0.5.0",
			"Source" : "Repository",
			"Repository" : "CRAN",
			"Hash" : "6dfe8bf774944bd5595785e3229d8771",
			"Requirements" : "colorspace"
		},
		"nlme" : {
			"Package" : "nlme",
			"Version" : "3.1-158",
			"Source" : "Repository",
			"Repository" : "CRAN",
			"Hash" : "9469aeaeddf4f48a7ac70877d0b7ba36",
			"Requirements" : "lattice"
		},
		"pROC" : {
			"Package" : "pROC",
			"Version" : "1.18.0",
			"Source" : "Repository",
			"Repository" : "CRAN",
			"Hash" : "417fd0d40479932c19faf2747817c473",
			"Requirements" : [
				"Rcpp",
				"plyr"
			]
		},
		"pillar" : {
			"Package" : "pillar",
			"Version" : "1.8.0",
			"Source" : "Repository",
			"Repository" : "CRAN",
			"Hash" : "f95cf85794546c4ac2b9a6ca42e671ff",
			"Requirements" : [
				"cli",
				"fansi",
				"glue",
				"lifecycle",
				"rlang",
				"utf8",
				"vctrs"
			]
		},
		"pkgconfig" : {
			"Package" : "pkgconfig",
			"Version" : "2.0.3",
			"Source" : "Repository",
			"Repository" : "CRAN",
			"Hash" : "01f28d4278f15c76cddbea05899c5d6f",
			"Requirements" : []
		},
		"plogr" : {
			"Package" : "plogr",
			"Version" : "0.2.0",
			"Source" : "Repository",
			"Repository" : "CRAN",
			"Hash" : "09eb987710984fc2905c7129c7d85e65",
			"Requirements" : []
		},
		"plyr" : {
			"Package" : "plyr",
			"Version" : "1.8.7",
			"Source" : "Repository",
			"Repository" : "CRAN",
			"Hash" : "9c17c6ee41639ebdc1d7266546d3b627",
			"Requirements" : "Rcpp"
		},
		"png" : {
			"Package" : "png",
			"Version" : "0.1-7",
			"Source" : "Repository",
			"Repository" : "CRAN",
			"Hash" : "03b7076c234cb3331288919983326c55",
			"Requirements" : []
		},
		"polspline" : {
			"Package" : "polspline",
			"Version" : "1.1.20",
			"Source" : "Repository",
			"Repository" : "CRAN",
			"Hash" : "9df08911be2e031016e2a93e22d9aa60",
			"Requirements" : []
		},
		"prettyunits" : {
			"Package" : "prettyunits",
			"Version" : "1.1.1",
			"Source" : "Repository",
			"Repository" : "CRAN",
			"Hash" : "95ef9167b75dde9d2ccc3c7528393e7e",
			"Requirements" : []
		},
		"progress" : {
			"Package" : "progress",
			"Version" : "1.2.2",
			"Source" : "Repository",
			"Repository" : "CRAN",
			"Hash" : "14dc9f7a3c91ebb14ec5bb9208a07061",
			"Requirements" : [
				"R6",
				"crayon",
				"hms",
				"prettyunits"
			]
		},
		"purrr" : {
			"Package" : "purrr",
			"Version" : "0.3.4",
			"Source" : "Repository",
			"Repository" : "CRAN",
			"Hash" : "97def703420c8ab10d8f0e6c72101e02",
			"Requirements" : [
				"magrittr",
				"rlang"
			]
		},
		"rJava" : {
			"Package" : "rJava",
			"Version" : "1.0-6",
			"Source" : "Repository",
			"Repository" : "CRAN",
			"Hash" : "0415819f6baa75d86d52483f7292b623",
			"Requirements" : []
		},
		"rappdirs" : {
			"Package" : "rappdirs",
			"Version" : "0.3.3",
			"Source" : "Repository",
			"Repository" : "CRAN",
			"Hash" : "5e3c5dc0b071b21fa128676560dbe94d",
			"Requirements" : []
		},
		"readr" : {
			"Package" : "readr",
			"Version" : "2.1.2",
			"Source" : "Repository",
			"Repository" : "CRAN",
			"Hash" : "9c59de1357dc209868b5feb5c9f0fe2f",
			"Requirements" : [
				"R6",
				"cli",
				"clipr",
				"cpp11",
				"crayon",
				"hms",
				"lifecycle",
				"rlang",
				"tibble",
				"tzdb",
				"vroom"
			]
		},
		"renv" : {
			"Package" : "renv",
			"Version" : "0.15.5",
			"Source" : "Repository",
			"Repository" : "CRAN",
			"Hash" : "6a38294e7d12f5d8e656b08c5bd8ae34",
			"Requirements" : []
		},
		"reticulate" : {
			"Package" : "reticulate",
			"Version" : "1.25",
			"Source" : "Repository",
			"Repository" : "CRAN",
			"Hash" : "786b311743eb8cd347491f8f0a571941",
			"Requirements" : [
				"Matrix",
				"Rcpp",
				"RcppTOML",
				"here",
				"jsonlite",
				"png",
				"rappdirs",
				"withr"
			]
		},
		"rlang" : {
			"Package" : "rlang",
			"Version" : "1.0.6",
			"Source" : "Repository",
			"Repository" : "CRAN",
			"Hash" : "4ed1f8336c8d52c3e750adcdc57228a7",
			"Requirements" : []
		},
		"rprojroot" : {
			"Package" : "rprojroot",
			"Version" : "2.0.3",
			"Source" : "Repository",
			"Repository" : "CRAN",
			"Hash" : "1de7ab598047a87bba48434ba35d497d",
			"Requirements" : []
		},
		"scales" : {
			"Package" : "scales",
			"Version" : "1.2.0",
			"Source" : "Repository",
			"Repository" : "CRAN",
			"Hash" : "6e8750cdd13477aa440d453da93d5cac",
			"Requirements" : [
				"R6",
				"RColorBrewer",
				"farver",
				"labeling",
				"lifecycle",
				"munsell",
				"rlang",
				"viridisLite"
			]
		},
		"snow" : {
			"Package" : "snow",
			"Version" : "0.4-4",
			"Source" : "Repository",
			"Repository" : "CRAN",
			"Hash" : "40b74690debd20c57d93d8c246b305d4",
			"Requirements" : []
		},
		"stringi" : {
			"Package" : "stringi",
			"Version" : "1.7.8",
			"Source" : "Repository",
			"Repository" : "CRAN",
			"Hash" : "a68b980681bcbc84c7a67003fa796bfb",
			"Requirements" : []
		},
		"stringr" : {
			"Package" : "stringr",
			"Version" : "1.4.0",
			"Source" : "Repository",
			"Repository" : "CRAN",
			"Hash" : "0759e6b6c0957edb1311028a49a35e76",
			"Requirements" : [
				"glue",
				"magrittr",
				"stringi"
			]
		},
		"survival" : {
			"Package" : "survival",
			"Version" : "3.3-1",
			"Source" : "Repository",
			"Repository" : "CRAN",
			"Hash" : "f6189c70451d3d68e0d571235576e833",
			"Requirements" : "Matrix"
		},
		"tibble" : {
			"Package" : "tibble",
			"Version" : "3.1.7",
			"Source" : "Repository",
			"Repository" : "CRAN",
			"Hash" : "08415af406e3dd75049afef9552e7355",
			"Requirements" : [
				"ellipsis",
				"fansi",
				"lifecycle",
				"magrittr",
				"pillar",
				"pkgconfig",
				"rlang",
				"vctrs"
			]
		},
		"tidyr" : {
			"Package" : "tidyr",
			"Version" : "1.2.0",
			"Source" : "Repository",
			"Repository" : "CRAN",
			"Hash" : "d8b95b7fee945d7da6888cf7eb71a49c",
			"Requirements" : [
				"cpp11",
				"dplyr",
				"ellipsis",
				"glue",
				"lifecycle",
				"magrittr",
				"purrr",
				"rlang",
				"tibble",
				"tidyselect",
				"vctrs"
			]
		},
		"tidyselect" : {
			"Package" : "tidyselect",
			"Version" : "1.2.0",
			"Source" : "Repository",
			"Repository" : "CRAN",
			"Hash" : "79540e5fcd9e0435af547d885f184fd5",
			"Requirements" : [
				"cli",
				"glue",
				"lifecycle",
				"rlang",
				"vctrs",
				"withr"
			]
		},
		"triebeard" : {
			"Package" : "triebeard",
			"Version" : "0.3.0",
			"Source" : "Repository",
			"Repository" : "CRAN",
			"Hash" : "847a9d113b78baca4a9a8639609ea228",
			"Requirements" : "Rcpp"
		},
		"tzdb" : {
			"Package" : "tzdb",
			"Version" : "0.3.0",
			"Source" : "Repository",
			"Repository" : "CRAN",
			"Hash" : "b2e1cbce7c903eaf23ec05c58e59fb5e",
			"Requirements" : "cpp11"
		},
		"urltools" : {
			"Package" : "urltools",
			"Version" : "1.7.3",
			"Source" : "Repository",
			"Repository" : "CRAN",
			"Hash" : "e86a704261a105f4703f653e05defa3e",
			"Requirements" : [
				"Rcpp",
				"triebeard"
			]
		},
		"utf8" : {
			"Package" : "utf8",
			"Version" : "1.2.2",
			"Source" : "Repository",
			"Repository" : "CRAN",
			"Hash" : "c9c462b759a5cc844ae25b5942654d13",
			"Requirements" : []
		},
		"vctrs" : {
			"Package" : "vctrs",
			"Version" : "0.5.0",
			"Source" : "Repository",
			"Repository" : "CRAN",
			"Hash" : "001fd6a5ebfff8316baf9fb2b5516dc9",
			"Requirements" : [
				"cli",
				"glue",
				"lifecycle",
				"rlang"
			]
		},
		"viridisLite" : {
			"Package" : "viridisLite",
			"Version" : "0.4.0",
			"Source" : "Repository",
			"Repository" : "CRAN",
			"Hash" : "55e157e2aa88161bdb0754218470d204",
			"Requirements" : []
		},
		"vroom" : {
			"Package" : "vroom",
			"Version" : "1.5.7",
			"Source" : "Repository",
			"Repository" : "CRAN",
			"Hash" : "976507b5a105bc3bdf6a5a5f29e0684f",
			"Requirements" : [
				"bit64",
				"cli",
				"cpp11",
				"crayon",
				"glue",
				"hms",
				"lifecycle",
				"progress",
				"rlang",
				"tibble",
				"tidyselect",
				"tzdb",
				"vctrs",
				"withr"
			]
		},
		"withr" : {
			"Package" : "withr",
			"Version" : "2.5.0",
			"Source" : "Repository",
			"Repository" : "CRAN",
			"Hash" : "c0e49a9760983e81e55cdd9be92e7182",
			"Requirements" : []
		},
		"xml2" : {
			"Package" : "xml2",
			"Version" : "1.3.3",
			"Source" : "Repository",
			"Repository" : "CRAN",
			"Hash" : "40682ed6a969ea5abfd351eb67833adc",
			"Requirements" : []
		},
		"zip" : {
			"Package" : "zip",
			"Version" : "2.2.0",
			"Source" : "Repository",
			"Repository" : "CRAN",
			"Hash" : "c7eef2996ac270a18c2715c997a727c5",
			"Requirements" : []
		}
	}
}